
Microsoft Visual Studio Solution File, Format Version 12.00
# Visual Studio Version 17
VisualStudioVersion = 17.14.36414.22 d17.14
MinimumVisualStudioVersion = 10.0.40219.1
Project("{FAE04EC0-301F-11D3-BF4B-00C04F79EFBC}") = "WinFormsApp1", "WinFormsApp1\WinFormsApp1.csproj", "{013EC0E4-7AA1-462C-A082-4BE81E8F023E}"
EndProject
Global
	GlobalSection(SolutionConfigurationPlatforms) = preSolution
		Debug|Any CPU = Debug|Any CPU
		Release|Any CPU = Release|Any CPU
	EndGlobalSection
	GlobalSection(ProjectConfigurationPlatforms) = postSolution
		{013EC0E4-7AA1-462C-A082-4BE81E8F023E}.Debug|Any CPU.ActiveCfg = Debug|Any CPU
		{013EC0E4-7AA1-462C-A082-4BE81E8F023E}.Debug|Any CPU.Build.0 = Debug|Any CPU
		{013EC0E4-7AA1-462C-A082-4BE81E8F023E}.Release|Any CPU.ActiveCfg = Release|Any CPU
		{013EC0E4-7AA1-462C-A082-4BE81E8F023E}.Release|Any CPU.Build.0 = Release|Any CPU
	EndGlobalSection
	GlobalSection(SolutionProperties) = preSolution
		HideSolutionNode = FALSE
	EndGlobalSection
	GlobalSection(ExtensibilityGlobals) = postSolution
		SolutionGuid = {E80F5207-52D3-4A2C-AEAC-C04D19DB22B8}
	EndGlobalSection
EndGlobal
